// !$*UTF8*$!
{
	archiveVersion = 1;
	classes = {
	};
	objectVersion = 50;
	objects = {

/* Begin PBXBuildFile section */
		12DBB2218DD676F41CC84D83 /* Pods_FriendifyUITests.framework in Frameworks */ = {isa = PBXBuildFile; fileRef = 994B3E1E5FF7ED858EE167AD /* Pods_FriendifyUITests.framework */; };
		158202702271063F00755C5C /* ProfileViewController.swift in Sources */ = {isa = PBXBuildFile; fileRef = 1582026F2271063F00755C5C /* ProfileViewController.swift */; };
		4E74632A226D5DD100B6452A /* SearchViewController.swift in Sources */ = {isa = PBXBuildFile; fileRef = 4E746329226D5DD100B6452A /* SearchViewController.swift */; };
		4E746330226DCA8100B6452A /* SearchClass.swift in Sources */ = {isa = PBXBuildFile; fileRef = 4E74632F226DCA8100B6452A /* SearchClass.swift */; };
		4E746332226E4AAF00B6452A /* SingUpViewController.swift in Sources */ = {isa = PBXBuildFile; fileRef = 4E746331226E4AAF00B6452A /* SingUpViewController.swift */; };
		9912776FAEECDEBF30B42922 /* Pods_Friendify.framework in Frameworks */ = {isa = PBXBuildFile; fileRef = 9DFFA89AC515B8395FDB95AD /* Pods_Friendify.framework */; };
		A01A46FA2265359D00D3EBF3 /* ProfileStoryboard.storyboard in Resources */ = {isa = PBXBuildFile; fileRef = A01A46F92265359D00D3EBF3 /* ProfileStoryboard.storyboard */; };
		A01A46FC226535AC00D3EBF3 /* HomeStoryboard.storyboard in Resources */ = {isa = PBXBuildFile; fileRef = A01A46FB226535AC00D3EBF3 /* HomeStoryboard.storyboard */; };
		A01A46FE22653BC200D3EBF3 /* SearchStoryboard.storyboard in Resources */ = {isa = PBXBuildFile; fileRef = A01A46FD22653BC200D3EBF3 /* SearchStoryboard.storyboard */; };
		A030B42E2267E13300EF7973 /* HomeViewController.swift in Sources */ = {isa = PBXBuildFile; fileRef = A030B42D2267E13300EF7973 /* HomeViewController.swift */; };
		A030B4302267E4A400EF7973 /* SongCell.swift in Sources */ = {isa = PBXBuildFile; fileRef = A030B42F2267E4A400EF7973 /* SongCell.swift */; };
		A09B15BC225BF8C0004DFA1F /* LoginViewController.swift in Sources */ = {isa = PBXBuildFile; fileRef = A09B15BB225BF8C0004DFA1F /* LoginViewController.swift */; };
		A0B7B96E2259A1BD008D1435 /* AppDelegate.swift in Sources */ = {isa = PBXBuildFile; fileRef = A0B7B96D2259A1BD008D1435 /* AppDelegate.swift */; };
		A0B7B9702259A1BD008D1435 /* ViewController.swift in Sources */ = {isa = PBXBuildFile; fileRef = A0B7B96F2259A1BD008D1435 /* ViewController.swift */; };
		A0B7B9732259A1BD008D1435 /* Main.storyboard in Resources */ = {isa = PBXBuildFile; fileRef = A0B7B9712259A1BD008D1435 /* Main.storyboard */; };
		A0B7B9752259A1BE008D1435 /* Assets.xcassets in Resources */ = {isa = PBXBuildFile; fileRef = A0B7B9742259A1BE008D1435 /* Assets.xcassets */; };
		A0B7B9782259A1BE008D1435 /* LaunchScreen.storyboard in Resources */ = {isa = PBXBuildFile; fileRef = A0B7B9762259A1BE008D1435 /* LaunchScreen.storyboard */; };
		A0B7B9832259A1BE008D1435 /* FriendifyTests.swift in Sources */ = {isa = PBXBuildFile; fileRef = A0B7B9822259A1BE008D1435 /* FriendifyTests.swift */; };
		A0B7B98E2259A1BE008D1435 /* FriendifyUITests.swift in Sources */ = {isa = PBXBuildFile; fileRef = A0B7B98D2259A1BE008D1435 /* FriendifyUITests.swift */; };
		CA72E5CD66BDFA3BC4CCEF69 /* Pods_FriendifyTests.framework in Frameworks */ = {isa = PBXBuildFile; fileRef = 04CB1B3AACDC74368D418A48 /* Pods_FriendifyTests.framework */; };
/* End PBXBuildFile section */

/* Begin PBXContainerItemProxy section */
		A0B7B97F2259A1BE008D1435 /* PBXContainerItemProxy */ = {
			isa = PBXContainerItemProxy;
			containerPortal = A0B7B9622259A1BD008D1435 /* Project object */;
			proxyType = 1;
			remoteGlobalIDString = A0B7B9692259A1BD008D1435;
			remoteInfo = Friendify;
		};
		A0B7B98A2259A1BE008D1435 /* PBXContainerItemProxy */ = {
			isa = PBXContainerItemProxy;
			containerPortal = A0B7B9622259A1BD008D1435 /* Project object */;
			proxyType = 1;
			remoteGlobalIDString = A0B7B9692259A1BD008D1435;
			remoteInfo = Friendify;
		};
/* End PBXContainerItemProxy section */

/* Begin PBXFileReference section */
		04CB1B3AACDC74368D418A48 /* Pods_FriendifyTests.framework */ = {isa = PBXFileReference; explicitFileType = wrapper.framework; includeInIndex = 0; path = Pods_FriendifyTests.framework; sourceTree = BUILT_PRODUCTS_DIR; };
		1582026F2271063F00755C5C /* ProfileViewController.swift */ = {isa = PBXFileReference; lastKnownFileType = sourcecode.swift; path = ProfileViewController.swift; sourceTree = "<group>"; };
		4AF37E60E579DFEB21ADBA72 /* Pods-FriendifyUITests.debug.xcconfig */ = {isa = PBXFileReference; includeInIndex = 1; lastKnownFileType = text.xcconfig; name = "Pods-FriendifyUITests.debug.xcconfig"; path = "Pods/Target Support Files/Pods-FriendifyUITests/Pods-FriendifyUITests.debug.xcconfig"; sourceTree = "<group>"; };
		4D7CF5E9B54F4750655F42D4 /* Pods-FriendifyTests.debug.xcconfig */ = {isa = PBXFileReference; includeInIndex = 1; lastKnownFileType = text.xcconfig; name = "Pods-FriendifyTests.debug.xcconfig"; path = "Pods/Target Support Files/Pods-FriendifyTests/Pods-FriendifyTests.debug.xcconfig"; sourceTree = "<group>"; };
		4E746329226D5DD100B6452A /* SearchViewController.swift */ = {isa = PBXFileReference; lastKnownFileType = sourcecode.swift; path = SearchViewController.swift; sourceTree = "<group>"; };
		4E74632F226DCA8100B6452A /* SearchClass.swift */ = {isa = PBXFileReference; lastKnownFileType = sourcecode.swift; path = SearchClass.swift; sourceTree = "<group>"; };
		4E746331226E4AAF00B6452A /* SingUpViewController.swift */ = {isa = PBXFileReference; lastKnownFileType = sourcecode.swift; path = SingUpViewController.swift; sourceTree = "<group>"; };
		773A87D639FECC2821D545E3 /* Pods-Friendify.debug.xcconfig */ = {isa = PBXFileReference; includeInIndex = 1; lastKnownFileType = text.xcconfig; name = "Pods-Friendify.debug.xcconfig"; path = "Pods/Target Support Files/Pods-Friendify/Pods-Friendify.debug.xcconfig"; sourceTree = "<group>"; };
		994B3E1E5FF7ED858EE167AD /* Pods_FriendifyUITests.framework */ = {isa = PBXFileReference; explicitFileType = wrapper.framework; includeInIndex = 0; path = Pods_FriendifyUITests.framework; sourceTree = BUILT_PRODUCTS_DIR; };
		9DFFA89AC515B8395FDB95AD /* Pods_Friendify.framework */ = {isa = PBXFileReference; explicitFileType = wrapper.framework; includeInIndex = 0; path = Pods_Friendify.framework; sourceTree = BUILT_PRODUCTS_DIR; };
		A01A46F92265359D00D3EBF3 /* ProfileStoryboard.storyboard */ = {isa = PBXFileReference; lastKnownFileType = file.storyboard; path = ProfileStoryboard.storyboard; sourceTree = "<group>"; };
		A01A46FB226535AC00D3EBF3 /* HomeStoryboard.storyboard */ = {isa = PBXFileReference; lastKnownFileType = file.storyboard; path = HomeStoryboard.storyboard; sourceTree = "<group>"; };
		A01A46FD22653BC200D3EBF3 /* SearchStoryboard.storyboard */ = {isa = PBXFileReference; lastKnownFileType = file.storyboard; path = SearchStoryboard.storyboard; sourceTree = "<group>"; };
		A030B42D2267E13300EF7973 /* HomeViewController.swift */ = {isa = PBXFileReference; lastKnownFileType = sourcecode.swift; path = HomeViewController.swift; sourceTree = "<group>"; };
		A030B42F2267E4A400EF7973 /* SongCell.swift */ = {isa = PBXFileReference; lastKnownFileType = sourcecode.swift; path = SongCell.swift; sourceTree = "<group>"; };
		A09B15BB225BF8C0004DFA1F /* LoginViewController.swift */ = {isa = PBXFileReference; lastKnownFileType = sourcecode.swift; path = LoginViewController.swift; sourceTree = "<group>"; };
		A0B7B96A2259A1BD008D1435 /* Friendify.app */ = {isa = PBXFileReference; explicitFileType = wrapper.application; includeInIndex = 0; path = Friendify.app; sourceTree = BUILT_PRODUCTS_DIR; };
		A0B7B96D2259A1BD008D1435 /* AppDelegate.swift */ = {isa = PBXFileReference; lastKnownFileType = sourcecode.swift; path = AppDelegate.swift; sourceTree = "<group>"; };
		A0B7B96F2259A1BD008D1435 /* ViewController.swift */ = {isa = PBXFileReference; lastKnownFileType = sourcecode.swift; path = ViewController.swift; sourceTree = "<group>"; };
		A0B7B9722259A1BD008D1435 /* Base */ = {isa = PBXFileReference; lastKnownFileType = file.storyboard; name = Base; path = Base.lproj/Main.storyboard; sourceTree = "<group>"; };
		A0B7B9742259A1BE008D1435 /* Assets.xcassets */ = {isa = PBXFileReference; lastKnownFileType = folder.assetcatalog; path = Assets.xcassets; sourceTree = "<group>"; };
		A0B7B9772259A1BE008D1435 /* Base */ = {isa = PBXFileReference; lastKnownFileType = file.storyboard; name = Base; path = Base.lproj/LaunchScreen.storyboard; sourceTree = "<group>"; };
		A0B7B9792259A1BE008D1435 /* Info.plist */ = {isa = PBXFileReference; lastKnownFileType = text.plist.xml; path = Info.plist; sourceTree = "<group>"; };
		A0B7B97E2259A1BE008D1435 /* FriendifyTests.xctest */ = {isa = PBXFileReference; explicitFileType = wrapper.cfbundle; includeInIndex = 0; path = FriendifyTests.xctest; sourceTree = BUILT_PRODUCTS_DIR; };
		A0B7B9822259A1BE008D1435 /* FriendifyTests.swift */ = {isa = PBXFileReference; lastKnownFileType = sourcecode.swift; path = FriendifyTests.swift; sourceTree = "<group>"; };
		A0B7B9842259A1BE008D1435 /* Info.plist */ = {isa = PBXFileReference; lastKnownFileType = text.plist.xml; path = Info.plist; sourceTree = "<group>"; };
		A0B7B9892259A1BE008D1435 /* FriendifyUITests.xctest */ = {isa = PBXFileReference; explicitFileType = wrapper.cfbundle; includeInIndex = 0; path = FriendifyUITests.xctest; sourceTree = BUILT_PRODUCTS_DIR; };
		A0B7B98D2259A1BE008D1435 /* FriendifyUITests.swift */ = {isa = PBXFileReference; lastKnownFileType = sourcecode.swift; path = FriendifyUITests.swift; sourceTree = "<group>"; };
		A0B7B98F2259A1BE008D1435 /* Info.plist */ = {isa = PBXFileReference; lastKnownFileType = text.plist.xml; path = Info.plist; sourceTree = "<group>"; };
		DFAB2567C2B8D32A94538855 /* Pods-FriendifyUITests.release.xcconfig */ = {isa = PBXFileReference; includeInIndex = 1; lastKnownFileType = text.xcconfig; name = "Pods-FriendifyUITests.release.xcconfig"; path = "Pods/Target Support Files/Pods-FriendifyUITests/Pods-FriendifyUITests.release.xcconfig"; sourceTree = "<group>"; };
		F0F02BE0D70E3259DEFE439F /* Pods-FriendifyTests.release.xcconfig */ = {isa = PBXFileReference; includeInIndex = 1; lastKnownFileType = text.xcconfig; name = "Pods-FriendifyTests.release.xcconfig"; path = "Pods/Target Support Files/Pods-FriendifyTests/Pods-FriendifyTests.release.xcconfig"; sourceTree = "<group>"; };
		F8CD2ACD7BB94BEEB4B70993 /* Pods-Friendify.release.xcconfig */ = {isa = PBXFileReference; includeInIndex = 1; lastKnownFileType = text.xcconfig; name = "Pods-Friendify.release.xcconfig"; path = "Pods/Target Support Files/Pods-Friendify/Pods-Friendify.release.xcconfig"; sourceTree = "<group>"; };
/* End PBXFileReference section */

/* Begin PBXFrameworksBuildPhase section */
		A0B7B9672259A1BD008D1435 /* Frameworks */ = {
			isa = PBXFrameworksBuildPhase;
			buildActionMask = 2147483647;
			files = (
				9912776FAEECDEBF30B42922 /* Pods_Friendify.framework in Frameworks */,
			);
			runOnlyForDeploymentPostprocessing = 0;
		};
		A0B7B97B2259A1BE008D1435 /* Frameworks */ = {
			isa = PBXFrameworksBuildPhase;
			buildActionMask = 2147483647;
			files = (
				CA72E5CD66BDFA3BC4CCEF69 /* Pods_FriendifyTests.framework in Frameworks */,
			);
			runOnlyForDeploymentPostprocessing = 0;
		};
		A0B7B9862259A1BE008D1435 /* Frameworks */ = {
			isa = PBXFrameworksBuildPhase;
			buildActionMask = 2147483647;
			files = (
				12DBB2218DD676F41CC84D83 /* Pods_FriendifyUITests.framework in Frameworks */,
			);
			runOnlyForDeploymentPostprocessing = 0;
		};
/* End PBXFrameworksBuildPhase section */

/* Begin PBXGroup section */
		160C80E6DFEA5FFF71A6B2D7 /* Pods */ = {
			isa = PBXGroup;
			children = (
				773A87D639FECC2821D545E3 /* Pods-Friendify.debug.xcconfig */,
				F8CD2ACD7BB94BEEB4B70993 /* Pods-Friendify.release.xcconfig */,
				4D7CF5E9B54F4750655F42D4 /* Pods-FriendifyTests.debug.xcconfig */,
				F0F02BE0D70E3259DEFE439F /* Pods-FriendifyTests.release.xcconfig */,
				4AF37E60E579DFEB21ADBA72 /* Pods-FriendifyUITests.debug.xcconfig */,
				DFAB2567C2B8D32A94538855 /* Pods-FriendifyUITests.release.xcconfig */,
			);
			name = Pods;
			sourceTree = "<group>";
		};
		2970F4D75CD6BE26BF3FE4BB /* Frameworks */ = {
			isa = PBXGroup;
			children = (
				9DFFA89AC515B8395FDB95AD /* Pods_Friendify.framework */,
				04CB1B3AACDC74368D418A48 /* Pods_FriendifyTests.framework */,
				994B3E1E5FF7ED858EE167AD /* Pods_FriendifyUITests.framework */,
			);
			name = Frameworks;
			sourceTree = "<group>";
		};
		A0B7B9612259A1BD008D1435 = {
			isa = PBXGroup;
			children = (
				A0B7B96C2259A1BD008D1435 /* Friendify */,
				A0B7B98C2259A1BE008D1435 /* FriendifyUITests */,
				A0B7B96B2259A1BD008D1435 /* Products */,
				160C80E6DFEA5FFF71A6B2D7 /* Pods */,
				2970F4D75CD6BE26BF3FE4BB /* Frameworks */,
			);
			sourceTree = "<group>";
		};
		A0B7B96B2259A1BD008D1435 /* Products */ = {
			isa = PBXGroup;
			children = (
				A0B7B96A2259A1BD008D1435 /* Friendify.app */,
				A0B7B97E2259A1BE008D1435 /* FriendifyTests.xctest */,
				A0B7B9892259A1BE008D1435 /* FriendifyUITests.xctest */,
			);
			name = Products;
			sourceTree = "<group>";
		};
		A0B7B96C2259A1BD008D1435 /* Friendify */ = {
			isa = PBXGroup;
			children = (
				A0B7B96D2259A1BD008D1435 /* AppDelegate.swift */,
				A0B7B96F2259A1BD008D1435 /* ViewController.swift */,
				A0B7B9712259A1BD008D1435 /* Main.storyboard */,
				4E746331226E4AAF00B6452A /* SingUpViewController.swift */,
				A01A46FD22653BC200D3EBF3 /* SearchStoryboard.storyboard */,
				4E746329226D5DD100B6452A /* SearchViewController.swift */,
				A01A46F92265359D00D3EBF3 /* ProfileStoryboard.storyboard */,
				1582026F2271063F00755C5C /* ProfileViewController.swift */,
				A01A46FB226535AC00D3EBF3 /* HomeStoryboard.storyboard */,
				A0B7B9742259A1BE008D1435 /* Assets.xcassets */,
				A0B7B9762259A1BE008D1435 /* LaunchScreen.storyboard */,
				A0B7B9792259A1BE008D1435 /* Info.plist */,
				A09B15BB225BF8C0004DFA1F /* LoginViewController.swift */,
				A030B42D2267E13300EF7973 /* HomeViewController.swift */,
				A0B7B9812259A1BE008D1435 /* FriendifyTests */,
				A030B42F2267E4A400EF7973 /* SongCell.swift */,
				4E74632F226DCA8100B6452A /* SearchClass.swift */,
			);
			path = Friendify;
			sourceTree = "<group>";
		};
		A0B7B9812259A1BE008D1435 /* FriendifyTests */ = {
			isa = PBXGroup;
			children = (
				A0B7B9822259A1BE008D1435 /* FriendifyTests.swift */,
				A0B7B9842259A1BE008D1435 /* Info.plist */,
			);
			path = FriendifyTests;
			sourceTree = "<group>";
		};
		A0B7B98C2259A1BE008D1435 /* FriendifyUITests */ = {
			isa = PBXGroup;
			children = (
				A0B7B98D2259A1BE008D1435 /* FriendifyUITests.swift */,
				A0B7B98F2259A1BE008D1435 /* Info.plist */,
			);
			path = FriendifyUITests;
			sourceTree = "<group>";
		};
/* End PBXGroup section */

/* Begin PBXNativeTarget section */
		A0B7B9692259A1BD008D1435 /* Friendify */ = {
			isa = PBXNativeTarget;
			buildConfigurationList = A0B7B9922259A1BE008D1435 /* Build configuration list for PBXNativeTarget "Friendify" */;
			buildPhases = (
				C823734AC86A35BF51E202CA /* [CP] Check Pods Manifest.lock */,
				A0B7B9662259A1BD008D1435 /* Sources */,
				A0B7B9672259A1BD008D1435 /* Frameworks */,
				A0B7B9682259A1BD008D1435 /* Resources */,
				2657F6508FE2C39122023E99 /* [CP] Embed Pods Frameworks */,
			);
			buildRules = (
			);
			dependencies = (
			);
			name = Friendify;
			productName = Friendify;
			productReference = A0B7B96A2259A1BD008D1435 /* Friendify.app */;
			productType = "com.apple.product-type.application";
		};
		A0B7B97D2259A1BE008D1435 /* FriendifyTests */ = {
			isa = PBXNativeTarget;
			buildConfigurationList = A0B7B9952259A1BE008D1435 /* Build configuration list for PBXNativeTarget "FriendifyTests" */;
			buildPhases = (
				2F0B3BF0C7AEBD8F43DB67B4 /* [CP] Check Pods Manifest.lock */,
				A0B7B97A2259A1BE008D1435 /* Sources */,
				A0B7B97B2259A1BE008D1435 /* Frameworks */,
				A0B7B97C2259A1BE008D1435 /* Resources */,
			);
			buildRules = (
			);
			dependencies = (
				A0B7B9802259A1BE008D1435 /* PBXTargetDependency */,
			);
			name = FriendifyTests;
			productName = FriendifyTests;
			productReference = A0B7B97E2259A1BE008D1435 /* FriendifyTests.xctest */;
			productType = "com.apple.product-type.bundle.unit-test";
		};
		A0B7B9882259A1BE008D1435 /* FriendifyUITests */ = {
			isa = PBXNativeTarget;
			buildConfigurationList = A0B7B9982259A1BE008D1435 /* Build configuration list for PBXNativeTarget "FriendifyUITests" */;
			buildPhases = (
				5959A5082DF7968F4E76BB4A /* [CP] Check Pods Manifest.lock */,
				A0B7B9852259A1BE008D1435 /* Sources */,
				A0B7B9862259A1BE008D1435 /* Frameworks */,
				A0B7B9872259A1BE008D1435 /* Resources */,
			);
			buildRules = (
			);
			dependencies = (
				A0B7B98B2259A1BE008D1435 /* PBXTargetDependency */,
			);
			name = FriendifyUITests;
			productName = FriendifyUITests;
			productReference = A0B7B9892259A1BE008D1435 /* FriendifyUITests.xctest */;
			productType = "com.apple.product-type.bundle.ui-testing";
		};
/* End PBXNativeTarget section */

/* Begin PBXProject section */
		A0B7B9622259A1BD008D1435 /* Project object */ = {
			isa = PBXProject;
			attributes = {
				LastSwiftUpdateCheck = 1010;
				LastUpgradeCheck = 1010;
				ORGANIZATIONNAME = alexis;
				TargetAttributes = {
					A0B7B9692259A1BD008D1435 = {
						CreatedOnToolsVersion = 10.1;
					};
					A0B7B97D2259A1BE008D1435 = {
						CreatedOnToolsVersion = 10.1;
						TestTargetID = A0B7B9692259A1BD008D1435;
					};
					A0B7B9882259A1BE008D1435 = {
						CreatedOnToolsVersion = 10.1;
						TestTargetID = A0B7B9692259A1BD008D1435;
					};
				};
			};
			buildConfigurationList = A0B7B9652259A1BD008D1435 /* Build configuration list for PBXProject "Friendify" */;
			compatibilityVersion = "Xcode 9.3";
			developmentRegion = en;
			hasScannedForEncodings = 0;
			knownRegions = (
				en,
				Base,
			);
			mainGroup = A0B7B9612259A1BD008D1435;
			productRefGroup = A0B7B96B2259A1BD008D1435 /* Products */;
			projectDirPath = "";
			projectRoot = "";
			targets = (
				A0B7B9692259A1BD008D1435 /* Friendify */,
				A0B7B97D2259A1BE008D1435 /* FriendifyTests */,
				A0B7B9882259A1BE008D1435 /* FriendifyUITests */,
			);
		};
/* End PBXProject section */

/* Begin PBXResourcesBuildPhase section */
		A0B7B9682259A1BD008D1435 /* Resources */ = {
			isa = PBXResourcesBuildPhase;
			buildActionMask = 2147483647;
			files = (
				A0B7B9782259A1BE008D1435 /* LaunchScreen.storyboard in Resources */,
				A01A46FA2265359D00D3EBF3 /* ProfileStoryboard.storyboard in Resources */,
				A0B7B9752259A1BE008D1435 /* Assets.xcassets in Resources */,
				A0B7B9732259A1BD008D1435 /* Main.storyboard in Resources */,
				A01A46FC226535AC00D3EBF3 /* HomeStoryboard.storyboard in Resources */,
				A01A46FE22653BC200D3EBF3 /* SearchStoryboard.storyboard in Resources */,
			);
			runOnlyForDeploymentPostprocessing = 0;
		};
		A0B7B97C2259A1BE008D1435 /* Resources */ = {
			isa = PBXResourcesBuildPhase;
			buildActionMask = 2147483647;
			files = (
			);
			runOnlyForDeploymentPostprocessing = 0;
		};
		A0B7B9872259A1BE008D1435 /* Resources */ = {
			isa = PBXResourcesBuildPhase;
			buildActionMask = 2147483647;
			files = (
			);
			runOnlyForDeploymentPostprocessing = 0;
		};
/* End PBXResourcesBuildPhase section */

/* Begin PBXShellScriptBuildPhase section */
		2657F6508FE2C39122023E99 /* [CP] Embed Pods Frameworks */ = {
			isa = PBXShellScriptBuildPhase;
			buildActionMask = 2147483647;
			files = (
			);
			inputFileListPaths = (
			);
			inputPaths = (
				"${SRCROOT}/Pods/Target Support Files/Pods-Friendify/Pods-Friendify-frameworks.sh",
				"${BUILT_PRODUCTS_DIR}/Alamofire/Alamofire.framework",
				"${BUILT_PRODUCTS_DIR}/AlamofireImage/AlamofireImage.framework",
				"${BUILT_PRODUCTS_DIR}/Bolts/Bolts.framework",
				"${BUILT_PRODUCTS_DIR}/Parse/Parse.framework",
			);
			name = "[CP] Embed Pods Frameworks";
			outputFileListPaths = (
			);
			outputPaths = (
				"${TARGET_BUILD_DIR}/${FRAMEWORKS_FOLDER_PATH}/Alamofire.framework",
				"${TARGET_BUILD_DIR}/${FRAMEWORKS_FOLDER_PATH}/AlamofireImage.framework",
				"${TARGET_BUILD_DIR}/${FRAMEWORKS_FOLDER_PATH}/Bolts.framework",
				"${TARGET_BUILD_DIR}/${FRAMEWORKS_FOLDER_PATH}/Parse.framework",
			);
			runOnlyForDeploymentPostprocessing = 0;
			shellPath = /bin/sh;
			shellScript = "\"${SRCROOT}/Pods/Target Support Files/Pods-Friendify/Pods-Friendify-frameworks.sh\"\n";
			showEnvVarsInLog = 0;
		};
		2F0B3BF0C7AEBD8F43DB67B4 /* [CP] Check Pods Manifest.lock */ = {
			isa = PBXShellScriptBuildPhase;
			buildActionMask = 2147483647;
			files = (
			);
			inputFileListPaths = (
			);
			inputPaths = (
				"${PODS_PODFILE_DIR_PATH}/Podfile.lock",
				"${PODS_ROOT}/Manifest.lock",
			);
			name = "[CP] Check Pods Manifest.lock";
			outputFileListPaths = (
			);
			outputPaths = (
				"$(DERIVED_FILE_DIR)/Pods-FriendifyTests-checkManifestLockResult.txt",
			);
			runOnlyForDeploymentPostprocessing = 0;
			shellPath = /bin/sh;
			shellScript = "diff \"${PODS_PODFILE_DIR_PATH}/Podfile.lock\" \"${PODS_ROOT}/Manifest.lock\" > /dev/null\nif [ $? != 0 ] ; then\n    # print error to STDERR\n    echo \"error: The sandbox is not in sync with the Podfile.lock. Run 'pod install' or update your CocoaPods installation.\" >&2\n    exit 1\nfi\n# This output is used by Xcode 'outputs' to avoid re-running this script phase.\necho \"SUCCESS\" > \"${SCRIPT_OUTPUT_FILE_0}\"\n";
			showEnvVarsInLog = 0;
		};
		5959A5082DF7968F4E76BB4A /* [CP] Check Pods Manifest.lock */ = {
			isa = PBXShellScriptBuildPhase;
			buildActionMask = 2147483647;
			files = (
			);
			inputFileListPaths = (
			);
			inputPaths = (
				"${PODS_PODFILE_DIR_PATH}/Podfile.lock",
				"${PODS_ROOT}/Manifest.lock",
			);
			name = "[CP] Check Pods Manifest.lock";
			outputFileListPaths = (
			);
			outputPaths = (
				"$(DERIVED_FILE_DIR)/Pods-FriendifyUITests-checkManifestLockResult.txt",
			);
			runOnlyForDeploymentPostprocessing = 0;
			shellPath = /bin/sh;
			shellScript = "diff \"${PODS_PODFILE_DIR_PATH}/Podfile.lock\" \"${PODS_ROOT}/Manifest.lock\" > /dev/null\nif [ $? != 0 ] ; then\n    # print error to STDERR\n    echo \"error: The sandbox is not in sync with the Podfile.lock. Run 'pod install' or update your CocoaPods installation.\" >&2\n    exit 1\nfi\n# This output is used by Xcode 'outputs' to avoid re-running this script phase.\necho \"SUCCESS\" > \"${SCRIPT_OUTPUT_FILE_0}\"\n";
			showEnvVarsInLog = 0;
		};
		C823734AC86A35BF51E202CA /* [CP] Check Pods Manifest.lock */ = {
			isa = PBXShellScriptBuildPhase;
			buildActionMask = 2147483647;
			files = (
			);
			inputFileListPaths = (
			);
			inputPaths = (
				"${PODS_PODFILE_DIR_PATH}/Podfile.lock",
				"${PODS_ROOT}/Manifest.lock",
			);
			name = "[CP] Check Pods Manifest.lock";
			outputFileListPaths = (
			);
			outputPaths = (
				"$(DERIVED_FILE_DIR)/Pods-Friendify-checkManifestLockResult.txt",
			);
			runOnlyForDeploymentPostprocessing = 0;
			shellPath = /bin/sh;
			shellScript = "diff \"${PODS_PODFILE_DIR_PATH}/Podfile.lock\" \"${PODS_ROOT}/Manifest.lock\" > /dev/null\nif [ $? != 0 ] ; then\n    # print error to STDERR\n    echo \"error: The sandbox is not in sync with the Podfile.lock. Run 'pod install' or update your CocoaPods installation.\" >&2\n    exit 1\nfi\n# This output is used by Xcode 'outputs' to avoid re-running this script phase.\necho \"SUCCESS\" > \"${SCRIPT_OUTPUT_FILE_0}\"\n";
			showEnvVarsInLog = 0;
		};
/* End PBXShellScriptBuildPhase section */

/* Begin PBXSourcesBuildPhase section */
		A0B7B9662259A1BD008D1435 /* Sources */ = {
			isa = PBXSourcesBuildPhase;
			buildActionMask = 2147483647;
			files = (
				4E74632A226D5DD100B6452A /* SearchViewController.swift in Sources */,
				4E746330226DCA8100B6452A /* SearchClass.swift in Sources */,
				4E746332226E4AAF00B6452A /* SingUpViewController.swift in Sources */,
				A09B15BC225BF8C0004DFA1F /* LoginViewController.swift in Sources */,
				A0B7B9702259A1BD008D1435 /* ViewController.swift in Sources */,
				A0B7B96E2259A1BD008D1435 /* AppDelegate.swift in Sources */,
				158202702271063F00755C5C /* ProfileViewController.swift in Sources */,
				A030B4302267E4A400EF7973 /* SongCell.swift in Sources */,
				A030B42E2267E13300EF7973 /* HomeViewController.swift in Sources */,
			);
			runOnlyForDeploymentPostprocessing = 0;
		};
		A0B7B97A2259A1BE008D1435 /* Sources */ = {
			isa = PBXSourcesBuildPhase;
			buildActionMask = 2147483647;
			files = (
				A0B7B9832259A1BE008D1435 /* FriendifyTests.swift in Sources */,
			);
			runOnlyForDeploymentPostprocessing = 0;
		};
		A0B7B9852259A1BE008D1435 /* Sources */ = {
			isa = PBXSourcesBuildPhase;
			buildActionMask = 2147483647;
			files = (
				A0B7B98E2259A1BE008D1435 /* FriendifyUITests.swift in Sources */,
			);
			runOnlyForDeploymentPostprocessing = 0;
		};
/* End PBXSourcesBuildPhase section */

/* Begin PBXTargetDependency section */
		A0B7B9802259A1BE008D1435 /* PBXTargetDependency */ = {
			isa = PBXTargetDependency;
			target = A0B7B9692259A1BD008D1435 /* Friendify */;
			targetProxy = A0B7B97F2259A1BE008D1435 /* PBXContainerItemProxy */;
		};
		A0B7B98B2259A1BE008D1435 /* PBXTargetDependency */ = {
			isa = PBXTargetDependency;
			target = A0B7B9692259A1BD008D1435 /* Friendify */;
			targetProxy = A0B7B98A2259A1BE008D1435 /* PBXContainerItemProxy */;
		};
/* End PBXTargetDependency section */

/* Begin PBXVariantGroup section */
		A0B7B9712259A1BD008D1435 /* Main.storyboard */ = {
			isa = PBXVariantGroup;
			children = (
				A0B7B9722259A1BD008D1435 /* Base */,
			);
			name = Main.storyboard;
			sourceTree = "<group>";
		};
		A0B7B9762259A1BE008D1435 /* LaunchScreen.storyboard */ = {
			isa = PBXVariantGroup;
			children = (
				A0B7B9772259A1BE008D1435 /* Base */,
			);
			name = LaunchScreen.storyboard;
			sourceTree = "<group>";
		};
/* End PBXVariantGroup section */

/* Begin XCBuildConfiguration section */
		A0B7B9902259A1BE008D1435 /* Debug */ = {
			isa = XCBuildConfiguration;
			buildSettings = {
				ALWAYS_SEARCH_USER_PATHS = NO;
				CLANG_ANALYZER_NONNULL = YES;
				CLANG_ANALYZER_NUMBER_OBJECT_CONVERSION = YES_AGGRESSIVE;
				CLANG_CXX_LANGUAGE_STANDARD = "gnu++14";
				CLANG_CXX_LIBRARY = "libc++";
				CLANG_ENABLE_MODULES = YES;
				CLANG_ENABLE_OBJC_ARC = YES;
				CLANG_ENABLE_OBJC_WEAK = YES;
				CLANG_WARN_BLOCK_CAPTURE_AUTORELEASING = YES;
				CLANG_WARN_BOOL_CONVERSION = YES;
				CLANG_WARN_COMMA = YES;
				CLANG_WARN_CONSTANT_CONVERSION = YES;
				CLANG_WARN_DEPRECATED_OBJC_IMPLEMENTATIONS = YES;
				CLANG_WARN_DIRECT_OBJC_ISA_USAGE = YES_ERROR;
				CLANG_WARN_DOCUMENTATION_COMMENTS = YES;
				CLANG_WARN_EMPTY_BODY = YES;
				CLANG_WARN_ENUM_CONVERSION = YES;
				CLANG_WARN_INFINITE_RECURSION = YES;
				CLANG_WARN_INT_CONVERSION = YES;
				CLANG_WARN_NON_LITERAL_NULL_CONVERSION = YES;
				CLANG_WARN_OBJC_IMPLICIT_RETAIN_SELF = YES;
				CLANG_WARN_OBJC_LITERAL_CONVERSION = YES;
				CLANG_WARN_OBJC_ROOT_CLASS = YES_ERROR;
				CLANG_WARN_RANGE_LOOP_ANALYSIS = YES;
				CLANG_WARN_STRICT_PROTOTYPES = YES;
				CLANG_WARN_SUSPICIOUS_MOVE = YES;
				CLANG_WARN_UNGUARDED_AVAILABILITY = YES_AGGRESSIVE;
				CLANG_WARN_UNREACHABLE_CODE = YES;
				CLANG_WARN__DUPLICATE_METHOD_MATCH = YES;
				CODE_SIGN_IDENTITY = "iPhone Developer";
				COPY_PHASE_STRIP = NO;
				DEBUG_INFORMATION_FORMAT = dwarf;
				ENABLE_STRICT_OBJC_MSGSEND = YES;
				ENABLE_TESTABILITY = YES;
				GCC_C_LANGUAGE_STANDARD = gnu11;
				GCC_DYNAMIC_NO_PIC = NO;
				GCC_NO_COMMON_BLOCKS = YES;
				GCC_OPTIMIZATION_LEVEL = 0;
				GCC_PREPROCESSOR_DEFINITIONS = (
					"DEBUG=1",
					"$(inherited)",
				);
				GCC_WARN_64_TO_32_BIT_CONVERSION = YES;
				GCC_WARN_ABOUT_RETURN_TYPE = YES_ERROR;
				GCC_WARN_UNDECLARED_SELECTOR = YES;
				GCC_WARN_UNINITIALIZED_AUTOS = YES_AGGRESSIVE;
				GCC_WARN_UNUSED_FUNCTION = YES;
				GCC_WARN_UNUSED_VARIABLE = YES;
				IPHONEOS_DEPLOYMENT_TARGET = 12.1;
				MTL_ENABLE_DEBUG_INFO = INCLUDE_SOURCE;
				MTL_FAST_MATH = YES;
				ONLY_ACTIVE_ARCH = YES;
				SDKROOT = iphoneos;
				SWIFT_ACTIVE_COMPILATION_CONDITIONS = DEBUG;
				SWIFT_OPTIMIZATION_LEVEL = "-Onone";
			};
			name = Debug;
		};
		A0B7B9912259A1BE008D1435 /* Release */ = {
			isa = XCBuildConfiguration;
			buildSettings = {
				ALWAYS_SEARCH_USER_PATHS = NO;
				CLANG_ANALYZER_NONNULL = YES;
				CLANG_ANALYZER_NUMBER_OBJECT_CONVERSION = YES_AGGRESSIVE;
				CLANG_CXX_LANGUAGE_STANDARD = "gnu++14";
				CLANG_CXX_LIBRARY = "libc++";
				CLANG_ENABLE_MODULES = YES;
				CLANG_ENABLE_OBJC_ARC = YES;
				CLANG_ENABLE_OBJC_WEAK = YES;
				CLANG_WARN_BLOCK_CAPTURE_AUTORELEASING = YES;
				CLANG_WARN_BOOL_CONVERSION = YES;
				CLANG_WARN_COMMA = YES;
				CLANG_WARN_CONSTANT_CONVERSION = YES;
				CLANG_WARN_DEPRECATED_OBJC_IMPLEMENTATIONS = YES;
				CLANG_WARN_DIRECT_OBJC_ISA_USAGE = YES_ERROR;
				CLANG_WARN_DOCUMENTATION_COMMENTS = YES;
				CLANG_WARN_EMPTY_BODY = YES;
				CLANG_WARN_ENUM_CONVERSION = YES;
				CLANG_WARN_INFINITE_RECURSION = YES;
				CLANG_WARN_INT_CONVERSION = YES;
				CLANG_WARN_NON_LITERAL_NULL_CONVERSION = YES;
				CLANG_WARN_OBJC_IMPLICIT_RETAIN_SELF = YES;
				CLANG_WARN_OBJC_LITERAL_CONVERSION = YES;
				CLANG_WARN_OBJC_ROOT_CLASS = YES_ERROR;
				CLANG_WARN_RANGE_LOOP_ANALYSIS = YES;
				CLANG_WARN_STRICT_PROTOTYPES = YES;
				CLANG_WARN_SUSPICIOUS_MOVE = YES;
				CLANG_WARN_UNGUARDED_AVAILABILITY = YES_AGGRESSIVE;
				CLANG_WARN_UNREACHABLE_CODE = YES;
				CLANG_WARN__DUPLICATE_METHOD_MATCH = YES;
				CODE_SIGN_IDENTITY = "iPhone Developer";
				COPY_PHASE_STRIP = NO;
				DEBUG_INFORMATION_FORMAT = "dwarf-with-dsym";
				ENABLE_NS_ASSERTIONS = NO;
				ENABLE_STRICT_OBJC_MSGSEND = YES;
				GCC_C_LANGUAGE_STANDARD = gnu11;
				GCC_NO_COMMON_BLOCKS = YES;
				GCC_WARN_64_TO_32_BIT_CONVERSION = YES;
				GCC_WARN_ABOUT_RETURN_TYPE = YES_ERROR;
				GCC_WARN_UNDECLARED_SELECTOR = YES;
				GCC_WARN_UNINITIALIZED_AUTOS = YES_AGGRESSIVE;
				GCC_WARN_UNUSED_FUNCTION = YES;
				GCC_WARN_UNUSED_VARIABLE = YES;
				IPHONEOS_DEPLOYMENT_TARGET = 12.1;
				MTL_ENABLE_DEBUG_INFO = NO;
				MTL_FAST_MATH = YES;
				SDKROOT = iphoneos;
				SWIFT_COMPILATION_MODE = wholemodule;
				SWIFT_OPTIMIZATION_LEVEL = "-O";
				VALIDATE_PRODUCT = YES;
			};
			name = Release;
		};
		A0B7B9932259A1BE008D1435 /* Debug */ = {
			isa = XCBuildConfiguration;
			baseConfigurationReference = 773A87D639FECC2821D545E3 /* Pods-Friendify.debug.xcconfig */;
			buildSettings = {
				ASSETCATALOG_COMPILER_APPICON_NAME = AppIcon;
				CODE_SIGN_STYLE = Automatic;
				DEVELOPMENT_TEAM = UJ8X974936;
				INFOPLIST_FILE = Friendify/Info.plist;
				IPHONEOS_DEPLOYMENT_TARGET = 10.0;
				LD_RUNPATH_SEARCH_PATHS = (
					"$(inherited)",
					"@executable_path/Frameworks",
				);
				PRODUCT_BUNDLE_IDENTIFIER = com.alexis.Friendify;
				PRODUCT_NAME = "$(TARGET_NAME)";
				SWIFT_VERSION = 4.2;
				TARGETED_DEVICE_FAMILY = "1,2";
			};
			name = Debug;
		};
		A0B7B9942259A1BE008D1435 /* Release */ = {
			isa = XCBuildConfiguration;
			baseConfigurationReference = F8CD2ACD7BB94BEEB4B70993 /* Pods-Friendify.release.xcconfig */;
			buildSettings = {
				ASSETCATALOG_COMPILER_APPICON_NAME = AppIcon;
				CODE_SIGN_STYLE = Automatic;
				DEVELOPMENT_TEAM = UJ8X974936;
				INFOPLIST_FILE = Friendify/Info.plist;
				IPHONEOS_DEPLOYMENT_TARGET = 10.0;
				LD_RUNPATH_SEARCH_PATHS = (
					"$(inherited)",
					"@executable_path/Frameworks",
				);
				PRODUCT_BUNDLE_IDENTIFIER = com.alexis.Friendify;
				PRODUCT_NAME = "$(TARGET_NAME)";
				SWIFT_VERSION = 4.2;
				TARGETED_DEVICE_FAMILY = "1,2";
			};
			name = Release;
		};
		A0B7B9962259A1BE008D1435 /* Debug */ = {
			isa = XCBuildConfiguration;
			baseConfigurationReference = 4D7CF5E9B54F4750655F42D4 /* Pods-FriendifyTests.debug.xcconfig */;
			buildSettings = {
				ALWAYS_EMBED_SWIFT_STANDARD_LIBRARIES = YES;
				BUNDLE_LOADER = "$(TEST_HOST)";
				CODE_SIGN_STYLE = Automatic;
				DEVELOPMENT_TEAM = UJ8X974936;
				INFOPLIST_FILE = FriendifyTests/Info.plist;
				LD_RUNPATH_SEARCH_PATHS = (
					"$(inherited)",
					"@executable_path/Frameworks",
					"@loader_path/Frameworks",
				);
				PRODUCT_BUNDLE_IDENTIFIER = com.alexis.FriendifyTests;
				PRODUCT_NAME = "$(TARGET_NAME)";
				SWIFT_VERSION = 4.2;
				TARGETED_DEVICE_FAMILY = "1,2";
				TEST_HOST = "$(BUILT_PRODUCTS_DIR)/Friendify.app/Friendify";
			};
			name = Debug;
		};
		A0B7B9972259A1BE008D1435 /* Release */ = {
			isa = XCBuildConfiguration;
			baseConfigurationReference = F0F02BE0D70E3259DEFE439F /* Pods-FriendifyTests.release.xcconfig */;
			buildSettings = {
				ALWAYS_EMBED_SWIFT_STANDARD_LIBRARIES = YES;
				BUNDLE_LOADER = "$(TEST_HOST)";
				CODE_SIGN_STYLE = Automatic;
				DEVELOPMENT_TEAM = UJ8X974936;
				INFOPLIST_FILE = FriendifyTests/Info.plist;
				LD_RUNPATH_SEARCH_PATHS = (
					"$(inherited)",
					"@executable_path/Frameworks",
					"@loader_path/Frameworks",
				);
				PRODUCT_BUNDLE_IDENTIFIER = com.alexis.FriendifyTests;
				PRODUCT_NAME = "$(TARGET_NAME)";
				SWIFT_VERSION = 4.2;
				TARGETED_DEVICE_FAMILY = "1,2";
				TEST_HOST = "$(BUILT_PRODUCTS_DIR)/Friendify.app/Friendify";
			};
			name = Release;
		};
		A0B7B9992259A1BE008D1435 /* Debug */ = {
			isa = XCBuildConfiguration;
			baseConfigurationReference = 4AF37E60E579DFEB21ADBA72 /* Pods-FriendifyUITests.debug.xcconfig */;
			buildSettings = {
				ALWAYS_EMBED_SWIFT_STANDARD_LIBRARIES = YES;
				CODE_SIGN_STYLE = Automatic;
				DEVELOPMENT_TEAM = UJ8X974936;
				INFOPLIST_FILE = FriendifyUITests/Info.plist;
				LD_RUNPATH_SEARCH_PATHS = (
					"$(inherited)",
					"@executable_path/Frameworks",
					"@loader_path/Frameworks",
				);
				PRODUCT_BUNDLE_IDENTIFIER = com.alexis.FriendifyUITests;
				PRODUCT_NAME = "$(TARGET_NAME)";
				SWIFT_VERSION = 4.2;
				TARGETED_DEVICE_FAMILY = "1,2";
				TEST_TARGET_NAME = Friendify;
			};
			name = Debug;
		};
		A0B7B99A2259A1BE008D1435 /* Release */ = {
			isa = XCBuildConfiguration;
			baseConfigurationReference = DFAB2567C2B8D32A94538855 /* Pods-FriendifyUITests.release.xcconfig */;
			buildSettings = {
				ALWAYS_EMBED_SWIFT_STANDARD_LIBRARIES = YES;
				CODE_SIGN_STYLE = Automatic;
				DEVELOPMENT_TEAM = UJ8X974936;
				INFOPLIST_FILE = FriendifyUITests/Info.plist;
				LD_RUNPATH_SEARCH_PATHS = (
					"$(inherited)",
					"@executable_path/Frameworks",
					"@loader_path/Frameworks",
				);
				PRODUCT_BUNDLE_IDENTIFIER = com.alexis.FriendifyUITests;
				PRODUCT_NAME = "$(TARGET_NAME)";
				SWIFT_VERSION = 4.2;
				TARGETED_DEVICE_FAMILY = "1,2";
				TEST_TARGET_NAME = Friendify;
			};
			name = Release;
		};
/* End XCBuildConfiguration section */

/* Begin XCConfigurationList section */
		A0B7B9652259A1BD008D1435 /* Build configuration list for PBXProject "Friendify" */ = {
			isa = XCConfigurationList;
			buildConfigurations = (
				A0B7B9902259A1BE008D1435 /* Debug */,
				A0B7B9912259A1BE008D1435 /* Release */,
			);
			defaultConfigurationIsVisible = 0;
			defaultConfigurationName = Release;
		};
		A0B7B9922259A1BE008D1435 /* Build configuration list for PBXNativeTarget "Friendify" */ = {
			isa = XCConfigurationList;
			buildConfigurations = (
				A0B7B9932259A1BE008D1435 /* Debug */,
				A0B7B9942259A1BE008D1435 /* Release */,
			);
			defaultConfigurationIsVisible = 0;
			defaultConfigurationName = Release;
		};
		A0B7B9952259A1BE008D1435 /* Build configuration list for PBXNativeTarget "FriendifyTests" */ = {
			isa = XCConfigurationList;
			buildConfigurations = (
				A0B7B9962259A1BE008D1435 /* Debug */,
				A0B7B9972259A1BE008D1435 /* Release */,
			);
			defaultConfigurationIsVisible = 0;
			defaultConfigurationName = Release;
		};
		A0B7B9982259A1BE008D1435 /* Build configuration list for PBXNativeTarget "FriendifyUITests" */ = {
			isa = XCConfigurationList;
			buildConfigurations = (
				A0B7B9992259A1BE008D1435 /* Debug */,
				A0B7B99A2259A1BE008D1435 /* Release */,
			);
			defaultConfigurationIsVisible = 0;
			defaultConfigurationName = Release;
		};
/* End XCConfigurationList section */
	};
	rootObject = A0B7B9622259A1BD008D1435 /* Project object */;
}
